
Microsoft Visual Studio Solution File, Format Version 12.00
# Visual Studio Version 16
VisualStudioVersion = 16.0.30717.126
MinimumVisualStudioVersion = 10.0.40219.1
Project("{FAE04EC0-301F-11D3-BF4B-00C04F79EFBC}") = "TriangleSearch", "TriangleSearch\TriangleSearch.csproj", "{3C3C9F5B-0D64-474C-BB97-684FAF02B4C6}"
EndProject
Global
	GlobalSection(SolutionConfigurationPlatforms) = preSolution
		Debug|Any CPU = Debug|Any CPU
		Release|Any CPU = Release|Any CPU
	EndGlobalSection
	GlobalSection(ProjectConfigurationPlatforms) = postSolution
		{3C3C9F5B-0D64-474C-BB97-684FAF02B4C6}.Debug|Any CPU.ActiveCfg = Debug|Any CPU
		{3C3C9F5B-0D64-474C-BB97-684FAF02B4C6}.Debug|Any CPU.Build.0 = Debug|Any CPU
		{3C3C9F5B-0D64-474C-BB97-684FAF02B4C6}.Release|Any CPU.ActiveCfg = Release|Any CPU
		{3C3C9F5B-0D64-474C-BB97-684FAF02B4C6}.Release|Any CPU.Build.0 = Release|Any CPU
	EndGlobalSection
	GlobalSection(SolutionProperties) = preSolution
		HideSolutionNode = FALSE
	EndGlobalSection
	GlobalSection(ExtensibilityGlobals) = postSolution
		SolutionGuid = {A6BBA21A-615A-420F-8B95-764DB72F13CA}
	EndGlobalSection
EndGlobal
